
Microsoft Visual Studio Solution File, Format Version 12.00
# Visual Studio Version 17
VisualStudioVersion = 17.5.33516.290
MinimumVisualStudioVersion = 10.0.40219.1
Project("{FAE04EC0-301F-11D3-BF4B-00C04F79EFBC}") = "UpdateFamilies", "UpdateFamilies\UpdateFamilies.csproj", "{0263095E-1423-4C41-8BE4-0F3C450659F4}"
EndProject
Global
	GlobalSection(SolutionConfigurationPlatforms) = preSolution
		Debug|Any CPU = Debug|Any CPU
		Release|Any CPU = Release|Any CPU
	EndGlobalSection
	GlobalSection(ProjectConfigurationPlatforms) = postSolution
		{0263095E-1423-4C41-8BE4-0F3C450659F4}.Debug|Any CPU.ActiveCfg = Debug|Any CPU
		{0263095E-1423-4C41-8BE4-0F3C450659F4}.Debug|Any CPU.Build.0 = Debug|Any CPU
		{0263095E-1423-4C41-8BE4-0F3C450659F4}.Release|Any CPU.ActiveCfg = Release|Any CPU
		{0263095E-1423-4C41-8BE4-0F3C450659F4}.Release|Any CPU.Build.0 = Release|Any CPU
	EndGlobalSection
	GlobalSection(SolutionProperties) = preSolution
		HideSolutionNode = FALSE
	EndGlobalSection
	GlobalSection(ExtensibilityGlobals) = postSolution
		SolutionGuid = {1E20AF7F-C5CB-4655-9404-1FFFD1E1AE17}
	EndGlobalSection
EndGlobal
